
Microsoft Visual Studio Solution File, Format Version 12.00
# Visual Studio Version 17
VisualStudioVersion = 17.10.35027.167
MinimumVisualStudioVersion = 10.0.40219.1
Project("{9A19103F-16F7-4668-BE54-9A1E7A4F7556}") = "Common", "Common\Common.csproj", "{3141ED81-4D14-474D-BEB7-3CB125F582E9}"
EndProject
Project("{9A19103F-16F7-4668-BE54-9A1E7A4F7556}") = "Application.Model", "Application.Model\Application.Model.csproj", "{88965323-1435-4818-AA25-384E0BD09693}"
EndProject
Project("{9A19103F-16F7-4668-BE54-9A1E7A4F7556}") = "Application.Business", "Application.Business\Application.Business.csproj", "{3AD73909-4F70-419E-A775-35101CA70BBD}"
EndProject
Project("{9A19103F-16F7-4668-BE54-9A1E7A4F7556}") = "Application.Test", "Application.Test\Application.Test.csproj", "{01F972EE-1EB8-4291-9E36-30F2B702E0A5}"
EndProject
Project("{9A19103F-16F7-4668-BE54-9A1E7A4F7556}") = "Application.Test.Api", "Application.Test.Api\Application.Test.Api.csproj", "{02B3BFFA-E5F2-4E34-89C0-A4009CA12DE2}"
EndProject
Project("{9A19103F-16F7-4668-BE54-9A1E7A4F7556}") = "Application.Test.Bdd", "Application.Test.Bdd\Application.Test.Bdd.csproj", "{DD408C20-59EA-4448-85D8-56B45E856D24}"
EndProject
Project("{9A19103F-16F7-4668-BE54-9A1E7A4F7556}") = "ReportPortal.Custom", "ReportPortal.Custom\ReportPortal.Custom.csproj", "{3BA1B984-5034-49C3-B14C-8A459178BF61}"
EndProject
Global
	GlobalSection(SolutionConfigurationPlatforms) = preSolution
		Debug|Any CPU = Debug|Any CPU
		Release|Any CPU = Release|Any CPU
	EndGlobalSection
	GlobalSection(ProjectConfigurationPlatforms) = postSolution
		{3141ED81-4D14-474D-BEB7-3CB125F582E9}.Debug|Any CPU.ActiveCfg = Debug|Any CPU
		{3141ED81-4D14-474D-BEB7-3CB125F582E9}.Debug|Any CPU.Build.0 = Debug|Any CPU
		{3141ED81-4D14-474D-BEB7-3CB125F582E9}.Release|Any CPU.ActiveCfg = Release|Any CPU
		{3141ED81-4D14-474D-BEB7-3CB125F582E9}.Release|Any CPU.Build.0 = Release|Any CPU
		{88965323-1435-4818-AA25-384E0BD09693}.Debug|Any CPU.ActiveCfg = Debug|Any CPU
		{88965323-1435-4818-AA25-384E0BD09693}.Debug|Any CPU.Build.0 = Debug|Any CPU
		{88965323-1435-4818-AA25-384E0BD09693}.Release|Any CPU.ActiveCfg = Release|Any CPU
		{88965323-1435-4818-AA25-384E0BD09693}.Release|Any CPU.Build.0 = Release|Any CPU
		{3AD73909-4F70-419E-A775-35101CA70BBD}.Debug|Any CPU.ActiveCfg = Debug|Any CPU
		{3AD73909-4F70-419E-A775-35101CA70BBD}.Debug|Any CPU.Build.0 = Debug|Any CPU
		{3AD73909-4F70-419E-A775-35101CA70BBD}.Release|Any CPU.ActiveCfg = Release|Any CPU
		{3AD73909-4F70-419E-A775-35101CA70BBD}.Release|Any CPU.Build.0 = Release|Any CPU
		{01F972EE-1EB8-4291-9E36-30F2B702E0A5}.Debug|Any CPU.ActiveCfg = Debug|Any CPU
		{01F972EE-1EB8-4291-9E36-30F2B702E0A5}.Debug|Any CPU.Build.0 = Debug|Any CPU
		{01F972EE-1EB8-4291-9E36-30F2B702E0A5}.Release|Any CPU.ActiveCfg = Release|Any CPU
		{01F972EE-1EB8-4291-9E36-30F2B702E0A5}.Release|Any CPU.Build.0 = Release|Any CPU
		{02B3BFFA-E5F2-4E34-89C0-A4009CA12DE2}.Debug|Any CPU.ActiveCfg = Debug|Any CPU
		{02B3BFFA-E5F2-4E34-89C0-A4009CA12DE2}.Debug|Any CPU.Build.0 = Debug|Any CPU
		{02B3BFFA-E5F2-4E34-89C0-A4009CA12DE2}.Release|Any CPU.ActiveCfg = Release|Any CPU
		{02B3BFFA-E5F2-4E34-89C0-A4009CA12DE2}.Release|Any CPU.Build.0 = Release|Any CPU
		{DD408C20-59EA-4448-85D8-56B45E856D24}.Debug|Any CPU.ActiveCfg = Debug|Any CPU
		{DD408C20-59EA-4448-85D8-56B45E856D24}.Debug|Any CPU.Build.0 = Debug|Any CPU
		{DD408C20-59EA-4448-85D8-56B45E856D24}.Release|Any CPU.ActiveCfg = Release|Any CPU
		{DD408C20-59EA-4448-85D8-56B45E856D24}.Release|Any CPU.Build.0 = Release|Any CPU
		{3BA1B984-5034-49C3-B14C-8A459178BF61}.Debug|Any CPU.ActiveCfg = Debug|Any CPU
		{3BA1B984-5034-49C3-B14C-8A459178BF61}.Debug|Any CPU.Build.0 = Debug|Any CPU
		{3BA1B984-5034-49C3-B14C-8A459178BF61}.Release|Any CPU.ActiveCfg = Release|Any CPU
		{3BA1B984-5034-49C3-B14C-8A459178BF61}.Release|Any CPU.Build.0 = Release|Any CPU
	EndGlobalSection
	GlobalSection(SolutionProperties) = preSolution
		HideSolutionNode = FALSE
	EndGlobalSection
	GlobalSection(ExtensibilityGlobals) = postSolution
		SolutionGuid = {F24CFCF5-5FD7-421E-94F2-22D2EEFB51F4}
	EndGlobalSection
EndGlobal
